// !$*UTF8*$!
{
	archiveVersion = 1;
	classes = {
	};
	objectVersion = 46;
	objects = {

/* Begin PBXBuildFile section */
		5718D6FD14FA115C009E04BC /* MenubarIcon.png in Resources */ = {isa = PBXBuildFile; fileRef = 5718D6FC14FA115C009E04BC /* MenubarIcon.png */; };
		5718D71414FA11D2009E04BC /* UAGithubEngine.m in Sources */ = {isa = PBXBuildFile; fileRef = 5718D70014FA11D2009E04BC /* UAGithubEngine.m */; };
		5718D71514FA11D2009E04BC /* UAReachability.m in Sources */ = {isa = PBXBuildFile; fileRef = 5718D70214FA11D2009E04BC /* UAReachability.m */; };
		5718D71614FA11D2009E04BC /* UAGithubEngineConstants.m in Sources */ = {isa = PBXBuildFile; fileRef = 5718D70514FA11D2009E04BC /* UAGithubEngineConstants.m */; };
		5718D71714FA11D2009E04BC /* UAGithubURLConnection.m in Sources */ = {isa = PBXBuildFile; fileRef = 5718D70714FA11D2009E04BC /* UAGithubURLConnection.m */; };
		5718D71814FA11D2009E04BC /* NSData+Base64.m in Sources */ = {isa = PBXBuildFile; fileRef = 5718D70B14FA11D2009E04BC /* NSData+Base64.m */; };
		5718D71914FA11D2009E04BC /* NSString+UAGithubEngineUtilities.m in Sources */ = {isa = PBXBuildFile; fileRef = 5718D70D14FA11D2009E04BC /* NSString+UAGithubEngineUtilities.m */; };
		5718D71A14FA11D2009E04BC /* NSString+UUID.m in Sources */ = {isa = PBXBuildFile; fileRef = 5718D70F14FA11D2009E04BC /* NSString+UUID.m */; };
		5718D71B14FA11D2009E04BC /* NSArray+Utilities.m in Sources */ = {isa = PBXBuildFile; fileRef = 5718D71114FA11D2009E04BC /* NSArray+Utilities.m */; };
		5718D71C14FA11D2009E04BC /* UAGithubJSONParser.m in Sources */ = {isa = PBXBuildFile; fileRef = 5718D71314FA11D2009E04BC /* UAGithubJSONParser.m */; };
		5718D71E14FA1261009E04BC /* SystemConfiguration.framework in Frameworks */ = {isa = PBXBuildFile; fileRef = 5718D71D14FA1261009E04BC /* SystemConfiguration.framework */; };
		5718D73A14FA164D009E04BC /* LRAppDefaults.m in Sources */ = {isa = PBXBuildFile; fileRef = 5718D72F14FA164D009E04BC /* LRAppDefaults.m */; settings = {COMPILER_FLAGS = "-fno-objc-arc"; }; };
		5718D74114FA176D009E04BC /* RepoMenuItem.m in Sources */ = {isa = PBXBuildFile; fileRef = 5718D74014FA176D009E04BC /* RepoMenuItem.m */; };
		5718D74414FA18B6009E04BC /* RepoMenuItem.xib in Resources */ = {isa = PBXBuildFile; fileRef = 5718D74214FA18B6009E04BC /* RepoMenuItem.xib */; };
		5718D74714FA1D8A009E04BC /* IssueMenuItem.xib in Resources */ = {isa = PBXBuildFile; fileRef = 5718D74514FA1D8A009E04BC /* IssueMenuItem.xib */; };
		5718D74A14FA1EBF009E04BC /* IssueMenuItem.m in Sources */ = {isa = PBXBuildFile; fileRef = 5718D74914FA1EBF009E04BC /* IssueMenuItem.m */; };
		5718D75414FA2312009E04BC /* UAGithubEngine+Shared.m in Sources */ = {isa = PBXBuildFile; fileRef = 5718D75314FA2312009E04BC /* UAGithubEngine+Shared.m */; };
		571F50AE14F9E81800230D43 /* Cocoa.framework in Frameworks */ = {isa = PBXBuildFile; fileRef = 571F50AD14F9E81800230D43 /* Cocoa.framework */; };
		571F50B814F9E81800230D43 /* InfoPlist.strings in Resources */ = {isa = PBXBuildFile; fileRef = 571F50B614F9E81800230D43 /* InfoPlist.strings */; };
		571F50BA14F9E81800230D43 /* main.m in Sources */ = {isa = PBXBuildFile; fileRef = 571F50B914F9E81800230D43 /* main.m */; };
		571F50BE14F9E81800230D43 /* Credits.rtf in Resources */ = {isa = PBXBuildFile; fileRef = 571F50BC14F9E81800230D43 /* Credits.rtf */; };
		571F50C114F9E81800230D43 /* AppDelegate.m in Sources */ = {isa = PBXBuildFile; fileRef = 571F50C014F9E81800230D43 /* AppDelegate.m */; };
		571F50C414F9E81900230D43 /* MainMenu.xib in Resources */ = {isa = PBXBuildFile; fileRef = 571F50C214F9E81900230D43 /* MainMenu.xib */; };
		571F50CC14F9E81900230D43 /* SenTestingKit.framework in Frameworks */ = {isa = PBXBuildFile; fileRef = 571F50CB14F9E81900230D43 /* SenTestingKit.framework */; };
		571F50CD14F9E81900230D43 /* Cocoa.framework in Frameworks */ = {isa = PBXBuildFile; fileRef = 571F50AD14F9E81800230D43 /* Cocoa.framework */; };
		571F50D514F9E81900230D43 /* InfoPlist.strings in Resources */ = {isa = PBXBuildFile; fileRef = 571F50D314F9E81900230D43 /* InfoPlist.strings */; };
		571F50D814F9E81900230D43 /* GitHubMenubarIssuesTests.m in Sources */ = {isa = PBXBuildFile; fileRef = 571F50D714F9E81900230D43 /* GitHubMenubarIssuesTests.m */; };
/* End PBXBuildFile section */

/* Begin PBXContainerItemProxy section */
		571F50CE14F9E81900230D43 /* PBXContainerItemProxy */ = {
			isa = PBXContainerItemProxy;
			containerPortal = 571F50A014F9E81800230D43 /* Project object */;
			proxyType = 1;
			remoteGlobalIDString = 571F50A814F9E81800230D43;
			remoteInfo = GitHubMenubarIssues;
		};
/* End PBXContainerItemProxy section */

/* Begin PBXFileReference section */
		5718D6FC14FA115C009E04BC /* MenubarIcon.png */ = {isa = PBXFileReference; lastKnownFileType = image.png; path = MenubarIcon.png; sourceTree = "<group>"; };
		5718D6FF14FA11D2009E04BC /* UAGithubEngine.h */ = {isa = PBXFileReference; fileEncoding = 4; lastKnownFileType = sourcecode.c.h; path = UAGithubEngine.h; sourceTree = "<group>"; };
		5718D70014FA11D2009E04BC /* UAGithubEngine.m */ = {isa = PBXFileReference; fileEncoding = 4; lastKnownFileType = sourcecode.c.objc; path = UAGithubEngine.m; sourceTree = "<group>"; };
		5718D70114FA11D2009E04BC /* UAReachability.h */ = {isa = PBXFileReference; fileEncoding = 4; lastKnownFileType = sourcecode.c.h; path = UAReachability.h; sourceTree = "<group>"; };
		5718D70214FA11D2009E04BC /* UAReachability.m */ = {isa = PBXFileReference; fileEncoding = 4; lastKnownFileType = sourcecode.c.objc; path = UAReachability.m; sourceTree = "<group>"; };
		5718D70314FA11D2009E04BC /* UAGithubEngineRequestTypes.h */ = {isa = PBXFileReference; fileEncoding = 4; lastKnownFileType = sourcecode.c.h; path = UAGithubEngineRequestTypes.h; sourceTree = "<group>"; };
		5718D70414FA11D2009E04BC /* UAGithubEngineConstants.h */ = {isa = PBXFileReference; fileEncoding = 4; lastKnownFileType = sourcecode.c.h; path = UAGithubEngineConstants.h; sourceTree = "<group>"; };
		5718D70514FA11D2009E04BC /* UAGithubEngineConstants.m */ = {isa = PBXFileReference; fileEncoding = 4; lastKnownFileType = sourcecode.c.objc; path = UAGithubEngineConstants.m; sourceTree = "<group>"; };
		5718D70614FA11D2009E04BC /* UAGithubURLConnection.h */ = {isa = PBXFileReference; fileEncoding = 4; lastKnownFileType = sourcecode.c.h; path = UAGithubURLConnection.h; sourceTree = "<group>"; };
		5718D70714FA11D2009E04BC /* UAGithubURLConnection.m */ = {isa = PBXFileReference; fileEncoding = 4; lastKnownFileType = sourcecode.c.objc; path = UAGithubURLConnection.m; sourceTree = "<group>"; };
		5718D70A14FA11D2009E04BC /* NSData+Base64.h */ = {isa = PBXFileReference; fileEncoding = 4; lastKnownFileType = sourcecode.c.h; path = "NSData+Base64.h"; sourceTree = "<group>"; };
		5718D70B14FA11D2009E04BC /* NSData+Base64.m */ = {isa = PBXFileReference; fileEncoding = 4; lastKnownFileType = sourcecode.c.objc; path = "NSData+Base64.m"; sourceTree = "<group>"; };
		5718D70C14FA11D2009E04BC /* NSString+UAGithubEngineUtilities.h */ = {isa = PBXFileReference; fileEncoding = 4; lastKnownFileType = sourcecode.c.h; path = "NSString+UAGithubEngineUtilities.h"; sourceTree = "<group>"; };
		5718D70D14FA11D2009E04BC /* NSString+UAGithubEngineUtilities.m */ = {isa = PBXFileReference; fileEncoding = 4; lastKnownFileType = sourcecode.c.objc; path = "NSString+UAGithubEngineUtilities.m"; sourceTree = "<group>"; };
		5718D70E14FA11D2009E04BC /* NSString+UUID.h */ = {isa = PBXFileReference; fileEncoding = 4; lastKnownFileType = sourcecode.c.h; path = "NSString+UUID.h"; sourceTree = "<group>"; };
		5718D70F14FA11D2009E04BC /* NSString+UUID.m */ = {isa = PBXFileReference; fileEncoding = 4; lastKnownFileType = sourcecode.c.objc; path = "NSString+UUID.m"; sourceTree = "<group>"; };
		5718D71014FA11D2009E04BC /* NSArray+Utilities.h */ = {isa = PBXFileReference; fileEncoding = 4; lastKnownFileType = sourcecode.c.h; path = "NSArray+Utilities.h"; sourceTree = "<group>"; };
		5718D71114FA11D2009E04BC /* NSArray+Utilities.m */ = {isa = PBXFileReference; fileEncoding = 4; lastKnownFileType = sourcecode.c.objc; path = "NSArray+Utilities.m"; sourceTree = "<group>"; };
		5718D71214FA11D2009E04BC /* UAGithubJSONParser.h */ = {isa = PBXFileReference; fileEncoding = 4; lastKnownFileType = sourcecode.c.h; path = UAGithubJSONParser.h; sourceTree = "<group>"; };
		5718D71314FA11D2009E04BC /* UAGithubJSONParser.m */ = {isa = PBXFileReference; fileEncoding = 4; lastKnownFileType = sourcecode.c.objc; path = UAGithubJSONParser.m; sourceTree = "<group>"; };
		5718D71D14FA1261009E04BC /* SystemConfiguration.framework */ = {isa = PBXFileReference; lastKnownFileType = wrapper.framework; name = SystemConfiguration.framework; path = System/Library/Frameworks/SystemConfiguration.framework; sourceTree = SDKROOT; };
		5718D72E14FA164D009E04BC /* LRAppDefaults.h */ = {isa = PBXFileReference; fileEncoding = 4; lastKnownFileType = sourcecode.c.h; path = LRAppDefaults.h; sourceTree = "<group>"; };
		5718D72F14FA164D009E04BC /* LRAppDefaults.m */ = {isa = PBXFileReference; fileEncoding = 4; lastKnownFileType = sourcecode.c.objc; path = LRAppDefaults.m; sourceTree = "<group>"; };
		5718D73F14FA176D009E04BC /* RepoMenuItem.h */ = {isa = PBXFileReference; fileEncoding = 4; lastKnownFileType = sourcecode.c.h; path = RepoMenuItem.h; sourceTree = "<group>"; };
		5718D74014FA176D009E04BC /* RepoMenuItem.m */ = {isa = PBXFileReference; fileEncoding = 4; lastKnownFileType = sourcecode.c.objc; path = RepoMenuItem.m; sourceTree = "<group>"; };
		5718D74314FA18B6009E04BC /* en */ = {isa = PBXFileReference; lastKnownFileType = file.xib; name = en; path = en.lproj/RepoMenuItem.xib; sourceTree = "<group>"; };
		5718D74614FA1D8A009E04BC /* en */ = {isa = PBXFileReference; lastKnownFileType = file.xib; name = en; path = en.lproj/IssueMenuItem.xib; sourceTree = "<group>"; };
		5718D74814FA1EBF009E04BC /* IssueMenuItem.h */ = {isa = PBXFileReference; fileEncoding = 4; lastKnownFileType = sourcecode.c.h; path = IssueMenuItem.h; sourceTree = "<group>"; };
		5718D74914FA1EBF009E04BC /* IssueMenuItem.m */ = {isa = PBXFileReference; fileEncoding = 4; lastKnownFileType = sourcecode.c.objc; path = IssueMenuItem.m; sourceTree = "<group>"; };
		5718D75214FA2312009E04BC /* UAGithubEngine+Shared.h */ = {isa = PBXFileReference; fileEncoding = 4; lastKnownFileType = sourcecode.c.h; path = "UAGithubEngine+Shared.h"; sourceTree = "<group>"; };
		5718D75314FA2312009E04BC /* UAGithubEngine+Shared.m */ = {isa = PBXFileReference; fileEncoding = 4; lastKnownFileType = sourcecode.c.objc; path = "UAGithubEngine+Shared.m"; sourceTree = "<group>"; };
		571F50A914F9E81800230D43 /* GitHubMenubarIssues.app */ = {isa = PBXFileReference; explicitFileType = wrapper.application; includeInIndex = 0; path = GitHubMenubarIssues.app; sourceTree = BUILT_PRODUCTS_DIR; };
		571F50AD14F9E81800230D43 /* Cocoa.framework */ = {isa = PBXFileReference; lastKnownFileType = wrapper.framework; name = Cocoa.framework; path = System/Library/Frameworks/Cocoa.framework; sourceTree = SDKROOT; };
		571F50B014F9E81800230D43 /* AppKit.framework */ = {isa = PBXFileReference; lastKnownFileType = wrapper.framework; name = AppKit.framework; path = System/Library/Frameworks/AppKit.framework; sourceTree = SDKROOT; };
		571F50B114F9E81800230D43 /* CoreData.framework */ = {isa = PBXFileReference; lastKnownFileType = wrapper.framework; name = CoreData.framework; path = System/Library/Frameworks/CoreData.framework; sourceTree = SDKROOT; };
		571F50B214F9E81800230D43 /* Foundation.framework */ = {isa = PBXFileReference; lastKnownFileType = wrapper.framework; name = Foundation.framework; path = System/Library/Frameworks/Foundation.framework; sourceTree = SDKROOT; };
		571F50B514F9E81800230D43 /* GitHubMenubarIssues-Info.plist */ = {isa = PBXFileReference; lastKnownFileType = text.plist.xml; path = "GitHubMenubarIssues-Info.plist"; sourceTree = "<group>"; };
		571F50B714F9E81800230D43 /* en */ = {isa = PBXFileReference; lastKnownFileType = text.plist.strings; name = en; path = en.lproj/InfoPlist.strings; sourceTree = "<group>"; };
		571F50B914F9E81800230D43 /* main.m */ = {isa = PBXFileReference; lastKnownFileType = sourcecode.c.objc; path = main.m; sourceTree = "<group>"; };
		571F50BB14F9E81800230D43 /* GitHubMenubarIssues-Prefix.pch */ = {isa = PBXFileReference; lastKnownFileType = sourcecode.c.h; path = "GitHubMenubarIssues-Prefix.pch"; sourceTree = "<group>"; };
		571F50BD14F9E81800230D43 /* en */ = {isa = PBXFileReference; lastKnownFileType = text.rtf; name = en; path = en.lproj/Credits.rtf; sourceTree = "<group>"; };
		571F50BF14F9E81800230D43 /* AppDelegate.h */ = {isa = PBXFileReference; lastKnownFileType = sourcecode.c.h; path = AppDelegate.h; sourceTree = "<group>"; };
		571F50C014F9E81800230D43 /* AppDelegate.m */ = {isa = PBXFileReference; lastKnownFileType = sourcecode.c.objc; path = AppDelegate.m; sourceTree = "<group>"; };
		571F50C314F9E81900230D43 /* en */ = {isa = PBXFileReference; lastKnownFileType = file.xib; name = en; path = en.lproj/MainMenu.xib; sourceTree = "<group>"; };
		571F50CA14F9E81900230D43 /* GitHubMenubarIssuesTests.octest */ = {isa = PBXFileReference; explicitFileType = wrapper.cfbundle; includeInIndex = 0; path = GitHubMenubarIssuesTests.octest; sourceTree = BUILT_PRODUCTS_DIR; };
		571F50CB14F9E81900230D43 /* SenTestingKit.framework */ = {isa = PBXFileReference; lastKnownFileType = wrapper.framework; name = SenTestingKit.framework; path = Library/Frameworks/SenTestingKit.framework; sourceTree = DEVELOPER_DIR; };
		571F50D214F9E81900230D43 /* GitHubMenubarIssuesTests-Info.plist */ = {isa = PBXFileReference; lastKnownFileType = text.plist.xml; path = "GitHubMenubarIssuesTests-Info.plist"; sourceTree = "<group>"; };
		571F50D414F9E81900230D43 /* en */ = {isa = PBXFileReference; lastKnownFileType = text.plist.strings; name = en; path = en.lproj/InfoPlist.strings; sourceTree = "<group>"; };
		571F50D614F9E81900230D43 /* GitHubMenubarIssuesTests.h */ = {isa = PBXFileReference; lastKnownFileType = sourcecode.c.h; path = GitHubMenubarIssuesTests.h; sourceTree = "<group>"; };
		571F50D714F9E81900230D43 /* GitHubMenubarIssuesTests.m */ = {isa = PBXFileReference; lastKnownFileType = sourcecode.c.objc; path = GitHubMenubarIssuesTests.m; sourceTree = "<group>"; };
/* End PBXFileReference section */

/* Begin PBXFrameworksBuildPhase section */
		571F50A614F9E81800230D43 /* Frameworks */ = {
			isa = PBXFrameworksBuildPhase;
			buildActionMask = 2147483647;
			files = (
				5718D71E14FA1261009E04BC /* SystemConfiguration.framework in Frameworks */,
				571F50AE14F9E81800230D43 /* Cocoa.framework in Frameworks */,
			);
			runOnlyForDeploymentPostprocessing = 0;
		};
		571F50C614F9E81900230D43 /* Frameworks */ = {
			isa = PBXFrameworksBuildPhase;
			buildActionMask = 2147483647;
			files = (
				571F50CC14F9E81900230D43 /* SenTestingKit.framework in Frameworks */,
				571F50CD14F9E81900230D43 /* Cocoa.framework in Frameworks */,
			);
			runOnlyForDeploymentPostprocessing = 0;
		};
/* End PBXFrameworksBuildPhase section */

/* Begin PBXGroup section */
		5718D6FA14FA115C009E04BC /* Resources */ = {
			isa = PBXGroup;
			children = (
				5718D6FB14FA115C009E04BC /* Graphics */,
			);
			name = Resources;
			path = GitHubMenubarIssues/Resources;
			sourceTree = "<group>";
		};
		5718D6FB14FA115C009E04BC /* Graphics */ = {
			isa = PBXGroup;
			children = (
				5718D6FC14FA115C009E04BC /* MenubarIcon.png */,
			);
			path = Graphics;
			sourceTree = "<group>";
		};
		5718D6FE14FA11D2009E04BC /* UAGithubEngine */ = {
			isa = PBXGroup;
			children = (
				5718D6FF14FA11D2009E04BC /* UAGithubEngine.h */,
				5718D70014FA11D2009E04BC /* UAGithubEngine.m */,
				5718D70114FA11D2009E04BC /* UAReachability.h */,
				5718D70214FA11D2009E04BC /* UAReachability.m */,
				5718D70314FA11D2009E04BC /* UAGithubEngineRequestTypes.h */,
				5718D70414FA11D2009E04BC /* UAGithubEngineConstants.h */,
				5718D70514FA11D2009E04BC /* UAGithubEngineConstants.m */,
				5718D70614FA11D2009E04BC /* UAGithubURLConnection.h */,
				5718D70714FA11D2009E04BC /* UAGithubURLConnection.m */,
				5718D70814FA11D2009E04BC /* Categories */,
				5718D70914FA11D2009E04BC /* JSON Parsers */,
			);
			path = UAGithubEngine;
			sourceTree = "<group>";
		};
		5718D70814FA11D2009E04BC /* Categories */ = {
			isa = PBXGroup;
			children = (
				5718D70A14FA11D2009E04BC /* NSData+Base64.h */,
				5718D70B14FA11D2009E04BC /* NSData+Base64.m */,
				5718D70C14FA11D2009E04BC /* NSString+UAGithubEngineUtilities.h */,
				5718D70D14FA11D2009E04BC /* NSString+UAGithubEngineUtilities.m */,
				5718D70E14FA11D2009E04BC /* NSString+UUID.h */,
				5718D70F14FA11D2009E04BC /* NSString+UUID.m */,
				5718D71014FA11D2009E04BC /* NSArray+Utilities.h */,
				5718D71114FA11D2009E04BC /* NSArray+Utilities.m */,
			);
			name = Categories;
			sourceTree = "<group>";
		};
		5718D70914FA11D2009E04BC /* JSON Parsers */ = {
			isa = PBXGroup;
			children = (
				5718D71214FA11D2009E04BC /* UAGithubJSONParser.h */,
				5718D71314FA11D2009E04BC /* UAGithubJSONParser.m */,
			);
			name = "JSON Parsers";
			sourceTree = "<group>";
		};
		5718D71F14FA164D009E04BC /* LRAppDefaults */ = {
			isa = PBXGroup;
			children = (
				5718D72D14FA164D009E04BC /* LRAppDefaults */,
			);
			path = LRAppDefaults;
			sourceTree = "<group>";
		};
		5718D72D14FA164D009E04BC /* LRAppDefaults */ = {
			isa = PBXGroup;
			children = (
				5718D72E14FA164D009E04BC /* LRAppDefaults.h */,
				5718D72F14FA164D009E04BC /* LRAppDefaults.m */,
			);
			path = LRAppDefaults;
			sourceTree = "<group>";
		};
		571F509E14F9E81800230D43 = {
			isa = PBXGroup;
			children = (
				571F50E114F9E85900230D43 /* libs */,
				571F50B314F9E81800230D43 /* GitHubMenubarIssues */,
				571F50D014F9E81900230D43 /* GitHubMenubarIssuesTests */,
				571F50AC14F9E81800230D43 /* Frameworks */,
				571F50AA14F9E81800230D43 /* Products */,
				5718D6FA14FA115C009E04BC /* Resources */,
			);
			sourceTree = "<group>";
		};
		571F50AA14F9E81800230D43 /* Products */ = {
			isa = PBXGroup;
			children = (
				571F50A914F9E81800230D43 /* GitHubMenubarIssues.app */,
				571F50CA14F9E81900230D43 /* GitHubMenubarIssuesTests.octest */,
			);
			name = Products;
			sourceTree = "<group>";
		};
		571F50AC14F9E81800230D43 /* Frameworks */ = {
			isa = PBXGroup;
			children = (
				5718D71D14FA1261009E04BC /* SystemConfiguration.framework */,
				571F50AD14F9E81800230D43 /* Cocoa.framework */,
				571F50CB14F9E81900230D43 /* SenTestingKit.framework */,
				571F50AF14F9E81800230D43 /* Other Frameworks */,
			);
			name = Frameworks;
			sourceTree = "<group>";
		};
		571F50AF14F9E81800230D43 /* Other Frameworks */ = {
			isa = PBXGroup;
			children = (
				571F50B014F9E81800230D43 /* AppKit.framework */,
				571F50B114F9E81800230D43 /* CoreData.framework */,
				571F50B214F9E81800230D43 /* Foundation.framework */,
			);
			name = "Other Frameworks";
			sourceTree = "<group>";
		};
		571F50B314F9E81800230D43 /* GitHubMenubarIssues */ = {
			isa = PBXGroup;
			children = (
				571F50BF14F9E81800230D43 /* AppDelegate.h */,
				571F50C014F9E81800230D43 /* AppDelegate.m */,
				571F50C214F9E81900230D43 /* MainMenu.xib */,
				571F50B414F9E81800230D43 /* Supporting Files */,
				5718D73F14FA176D009E04BC /* RepoMenuItem.h */,
				5718D74014FA176D009E04BC /* RepoMenuItem.m */,
				5718D74214FA18B6009E04BC /* RepoMenuItem.xib */,
				5718D74514FA1D8A009E04BC /* IssueMenuItem.xib */,
				5718D74814FA1EBF009E04BC /* IssueMenuItem.h */,
				5718D74914FA1EBF009E04BC /* IssueMenuItem.m */,
				5718D75214FA2312009E04BC /* UAGithubEngine+Shared.h */,
				5718D75314FA2312009E04BC /* UAGithubEngine+Shared.m */,
			);
			path = GitHubMenubarIssues;
			sourceTree = "<group>";
		};
		571F50B414F9E81800230D43 /* Supporting Files */ = {
			isa = PBXGroup;
			children = (
				571F50B514F9E81800230D43 /* GitHubMenubarIssues-Info.plist */,
				571F50B614F9E81800230D43 /* InfoPlist.strings */,
				571F50B914F9E81800230D43 /* main.m */,
				571F50BB14F9E81800230D43 /* GitHubMenubarIssues-Prefix.pch */,
				571F50BC14F9E81800230D43 /* Credits.rtf */,
			);
			name = "Supporting Files";
			sourceTree = "<group>";
		};
		571F50D014F9E81900230D43 /* GitHubMenubarIssuesTests */ = {
			isa = PBXGroup;
			children = (
				571F50D614F9E81900230D43 /* GitHubMenubarIssuesTests.h */,
				571F50D714F9E81900230D43 /* GitHubMenubarIssuesTests.m */,
				571F50D114F9E81900230D43 /* Supporting Files */,
			);
			path = GitHubMenubarIssuesTests;
			sourceTree = "<group>";
		};
		571F50D114F9E81900230D43 /* Supporting Files */ = {
			isa = PBXGroup;
			children = (
				571F50D214F9E81900230D43 /* GitHubMenubarIssuesTests-Info.plist */,
				571F50D314F9E81900230D43 /* InfoPlist.strings */,
			);
			name = "Supporting Files";
			sourceTree = "<group>";
		};
		571F50E114F9E85900230D43 /* libs */ = {
			isa = PBXGroup;
			children = (
				5718D71F14FA164D009E04BC /* LRAppDefaults */,
				5718D6FE14FA11D2009E04BC /* UAGithubEngine */,
			);
			path = libs;
			sourceTree = "<group>";
		};
/* End PBXGroup section */

/* Begin PBXNativeTarget section */
		571F50A814F9E81800230D43 /* GitHubMenubarIssues */ = {
			isa = PBXNativeTarget;
			buildConfigurationList = 571F50DB14F9E81900230D43 /* Build configuration list for PBXNativeTarget "GitHubMenubarIssues" */;
			buildPhases = (
				571F50A514F9E81800230D43 /* Sources */,
				571F50A614F9E81800230D43 /* Frameworks */,
				571F50A714F9E81800230D43 /* Resources */,
			);
			buildRules = (
			);
			dependencies = (
			);
			name = GitHubMenubarIssues;
			productName = GitHubMenubarIssues;
			productReference = 571F50A914F9E81800230D43 /* GitHubMenubarIssues.app */;
			productType = "com.apple.product-type.application";
		};
		571F50C914F9E81900230D43 /* GitHubMenubarIssuesTests */ = {
			isa = PBXNativeTarget;
			buildConfigurationList = 571F50DE14F9E81900230D43 /* Build configuration list for PBXNativeTarget "GitHubMenubarIssuesTests" */;
			buildPhases = (
				571F50C514F9E81900230D43 /* Sources */,
				571F50C614F9E81900230D43 /* Frameworks */,
				571F50C714F9E81900230D43 /* Resources */,
				571F50C814F9E81900230D43 /* ShellScript */,
			);
			buildRules = (
			);
			dependencies = (
				571F50CF14F9E81900230D43 /* PBXTargetDependency */,
			);
			name = GitHubMenubarIssuesTests;
			productName = GitHubMenubarIssuesTests;
			productReference = 571F50CA14F9E81900230D43 /* GitHubMenubarIssuesTests.octest */;
			productType = "com.apple.product-type.bundle";
		};
/* End PBXNativeTarget section */

/* Begin PBXProject section */
		571F50A014F9E81800230D43 /* Project object */ = {
			isa = PBXProject;
			attributes = {
				LastUpgradeCheck = 0420;
				ORGANIZATIONNAME = "Self-Employed";
			};
			buildConfigurationList = 571F50A314F9E81800230D43 /* Build configuration list for PBXProject "GitHubMenubarIssues" */;
			compatibilityVersion = "Xcode 3.2";
			developmentRegion = English;
			hasScannedForEncodings = 0;
			knownRegions = (
				en,
				English,
			);
			mainGroup = 571F509E14F9E81800230D43;
			productRefGroup = 571F50AA14F9E81800230D43 /* Products */;
			projectDirPath = "";
			projectRoot = "";
			targets = (
				571F50A814F9E81800230D43 /* GitHubMenubarIssues */,
				571F50C914F9E81900230D43 /* GitHubMenubarIssuesTests */,
			);
		};
/* End PBXProject section */

/* Begin PBXResourcesBuildPhase section */
		571F50A714F9E81800230D43 /* Resources */ = {
			isa = PBXResourcesBuildPhase;
			buildActionMask = 2147483647;
			files = (
				571F50B814F9E81800230D43 /* InfoPlist.strings in Resources */,
				571F50BE14F9E81800230D43 /* Credits.rtf in Resources */,
				571F50C414F9E81900230D43 /* MainMenu.xib in Resources */,
				5718D6FD14FA115C009E04BC /* MenubarIcon.png in Resources */,
				5718D74414FA18B6009E04BC /* RepoMenuItem.xib in Resources */,
				5718D74714FA1D8A009E04BC /* IssueMenuItem.xib in Resources */,
			);
			runOnlyForDeploymentPostprocessing = 0;
		};
		571F50C714F9E81900230D43 /* Resources */ = {
			isa = PBXResourcesBuildPhase;
			buildActionMask = 2147483647;
			files = (
				571F50D514F9E81900230D43 /* InfoPlist.strings in Resources */,
			);
			runOnlyForDeploymentPostprocessing = 0;
		};
/* End PBXResourcesBuildPhase section */

/* Begin PBXShellScriptBuildPhase section */
		571F50C814F9E81900230D43 /* ShellScript */ = {
			isa = PBXShellScriptBuildPhase;
			buildActionMask = 2147483647;
			files = (
			);
			inputPaths = (
			);
			outputPaths = (
			);
			runOnlyForDeploymentPostprocessing = 0;
			shellPath = /bin/sh;
			shellScript = "# Run the unit tests in this test bundle.\n\"${SYSTEM_DEVELOPER_DIR}/Tools/RunUnitTests\"\n";
		};
/* End PBXShellScriptBuildPhase section */

/* Begin PBXSourcesBuildPhase section */
		571F50A514F9E81800230D43 /* Sources */ = {
			isa = PBXSourcesBuildPhase;
			buildActionMask = 2147483647;
			files = (
				571F50BA14F9E81800230D43 /* main.m in Sources */,
				571F50C114F9E81800230D43 /* AppDelegate.m in Sources */,
				5718D71414FA11D2009E04BC /* UAGithubEngine.m in Sources */,
				5718D71514FA11D2009E04BC /* UAReachability.m in Sources */,
				5718D71614FA11D2009E04BC /* UAGithubEngineConstants.m in Sources */,
				5718D71714FA11D2009E04BC /* UAGithubURLConnection.m in Sources */,
				5718D71814FA11D2009E04BC /* NSData+Base64.m in Sources */,
				5718D71914FA11D2009E04BC /* NSString+UAGithubEngineUtilities.m in Sources */,
				5718D71A14FA11D2009E04BC /* NSString+UUID.m in Sources */,
				5718D71B14FA11D2009E04BC /* NSArray+Utilities.m in Sources */,
				5718D71C14FA11D2009E04BC /* UAGithubJSONParser.m in Sources */,
				5718D73A14FA164D009E04BC /* LRAppDefaults.m in Sources */,
				5718D74114FA176D009E04BC /* RepoMenuItem.m in Sources */,
				5718D74A14FA1EBF009E04BC /* IssueMenuItem.m in Sources */,
				5718D75414FA2312009E04BC /* UAGithubEngine+Shared.m in Sources */,
			);
			runOnlyForDeploymentPostprocessing = 0;
		};
		571F50C514F9E81900230D43 /* Sources */ = {
			isa = PBXSourcesBuildPhase;
			buildActionMask = 2147483647;
			files = (
				571F50D814F9E81900230D43 /* GitHubMenubarIssuesTests.m in Sources */,
			);
			runOnlyForDeploymentPostprocessing = 0;
		};
/* End PBXSourcesBuildPhase section */

/* Begin PBXTargetDependency section */
		571F50CF14F9E81900230D43 /* PBXTargetDependency */ = {
			isa = PBXTargetDependency;
			target = 571F50A814F9E81800230D43 /* GitHubMenubarIssues */;
			targetProxy = 571F50CE14F9E81900230D43 /* PBXContainerItemProxy */;
		};
/* End PBXTargetDependency section */

/* Begin PBXVariantGroup section */
		5718D74214FA18B6009E04BC /* RepoMenuItem.xib */ = {
			isa = PBXVariantGroup;
			children = (
				5718D74314FA18B6009E04BC /* en */,
			);
			name = RepoMenuItem.xib;
			sourceTree = "<group>";
		};
		5718D74514FA1D8A009E04BC /* IssueMenuItem.xib */ = {
			isa = PBXVariantGroup;
			children = (
				5718D74614FA1D8A009E04BC /* en */,
			);
			name = IssueMenuItem.xib;
			sourceTree = "<group>";
		};
		571F50B614F9E81800230D43 /* InfoPlist.strings */ = {
			isa = PBXVariantGroup;
			children = (
				571F50B714F9E81800230D43 /* en */,
			);
			name = InfoPlist.strings;
			sourceTree = "<group>";
		};
		571F50BC14F9E81800230D43 /* Credits.rtf */ = {
			isa = PBXVariantGroup;
			children = (
				571F50BD14F9E81800230D43 /* en */,
			);
			name = Credits.rtf;
			sourceTree = "<group>";
		};
		571F50C214F9E81900230D43 /* MainMenu.xib */ = {
			isa = PBXVariantGroup;
			children = (
				571F50C314F9E81900230D43 /* en */,
			);
			name = MainMenu.xib;
			sourceTree = "<group>";
		};
		571F50D314F9E81900230D43 /* InfoPlist.strings */ = {
			isa = PBXVariantGroup;
			children = (
				571F50D414F9E81900230D43 /* en */,
			);
			name = InfoPlist.strings;
			sourceTree = "<group>";
		};
/* End PBXVariantGroup section */

/* Begin XCBuildConfiguration section */
		571F50D914F9E81900230D43 /* Debug */ = {
			isa = XCBuildConfiguration;
			buildSettings = {
				ALWAYS_SEARCH_USER_PATHS = NO;
				ARCHS = "$(ARCHS_STANDARD_64_BIT)";
				CLANG_ENABLE_OBJC_ARC = YES;
				COPY_PHASE_STRIP = NO;
				GCC_C_LANGUAGE_STANDARD = gnu99;
				GCC_DYNAMIC_NO_PIC = NO;
				GCC_ENABLE_OBJC_EXCEPTIONS = YES;
				GCC_OPTIMIZATION_LEVEL = 0;
				GCC_PREPROCESSOR_DEFINITIONS = (
					"DEBUG=1",
					"$(inherited)",
				);
				GCC_SYMBOLS_PRIVATE_EXTERN = NO;
				GCC_VERSION = com.apple.compilers.llvm.clang.1_0;
				GCC_WARN_64_TO_32_BIT_CONVERSION = YES;
				GCC_WARN_ABOUT_MISSING_PROTOTYPES = YES;
				GCC_WARN_ABOUT_RETURN_TYPE = YES;
				GCC_WARN_UNUSED_VARIABLE = YES;
				MACOSX_DEPLOYMENT_TARGET = 10.7;
				ONLY_ACTIVE_ARCH = YES;
				SDKROOT = macosx;
			};
			name = Debug;
		};
		571F50DA14F9E81900230D43 /* Release */ = {
			isa = XCBuildConfiguration;
			buildSettings = {
				ALWAYS_SEARCH_USER_PATHS = NO;
				ARCHS = "$(ARCHS_STANDARD_64_BIT)";
				CLANG_ENABLE_OBJC_ARC = YES;
				COPY_PHASE_STRIP = YES;
				DEBUG_INFORMATION_FORMAT = "dwarf-with-dsym";
				GCC_C_LANGUAGE_STANDARD = gnu99;
				GCC_ENABLE_OBJC_EXCEPTIONS = YES;
				GCC_VERSION = com.apple.compilers.llvm.clang.1_0;
				GCC_WARN_64_TO_32_BIT_CONVERSION = YES;
				GCC_WARN_ABOUT_MISSING_PROTOTYPES = YES;
				GCC_WARN_ABOUT_RETURN_TYPE = YES;
				GCC_WARN_UNUSED_VARIABLE = YES;
				MACOSX_DEPLOYMENT_TARGET = 10.7;
				SDKROOT = macosx;
			};
			name = Release;
		};
		571F50DC14F9E81900230D43 /* Debug */ = {
			isa = XCBuildConfiguration;
			buildSettings = {
				GCC_PRECOMPILE_PREFIX_HEADER = YES;
				GCC_PREFIX_HEADER = "GitHubMenubarIssues/GitHubMenubarIssues-Prefix.pch";
				INFOPLIST_FILE = "GitHubMenubarIssues/GitHubMenubarIssues-Info.plist";
				PRODUCT_NAME = "$(TARGET_NAME)";
				WRAPPER_EXTENSION = app;
			};
			name = Debug;
		};
		571F50DD14F9E81900230D43 /* Release */ = {
			isa = XCBuildConfiguration;
			buildSettings = {
				GCC_PRECOMPILE_PREFIX_HEADER = YES;
				GCC_PREFIX_HEADER = "GitHubMenubarIssues/GitHubMenubarIssues-Prefix.pch";
				INFOPLIST_FILE = "GitHubMenubarIssues/GitHubMenubarIssues-Info.plist";
				PRODUCT_NAME = "$(TARGET_NAME)";
				WRAPPER_EXTENSION = app;
			};
			name = Release;
		};
		571F50DF14F9E81900230D43 /* Debug */ = {
			isa = XCBuildConfiguration;
			buildSettings = {
				BUNDLE_LOADER = "$(BUILT_PRODUCTS_DIR)/GitHubMenubarIssues.app/Contents/MacOS/GitHubMenubarIssues";
				FRAMEWORK_SEARCH_PATHS = "$(DEVELOPER_LIBRARY_DIR)/Frameworks";
				GCC_PRECOMPILE_PREFIX_HEADER = YES;
				GCC_PREFIX_HEADER = "GitHubMenubarIssues/GitHubMenubarIssues-Prefix.pch";
				INFOPLIST_FILE = "GitHubMenubarIssuesTests/GitHubMenubarIssuesTests-Info.plist";
				PRODUCT_NAME = "$(TARGET_NAME)";
				TEST_HOST = "$(BUNDLE_LOADER)";
				WRAPPER_EXTENSION = octest;
			};
			name = Debug;
		};
		571F50E014F9E81900230D43 /* Release */ = {
			isa = XCBuildConfiguration;
			buildSettings = {
				BUNDLE_LOADER = "$(BUILT_PRODUCTS_DIR)/GitHubMenubarIssues.app/Contents/MacOS/GitHubMenubarIssues";
				FRAMEWORK_SEARCH_PATHS = "$(DEVELOPER_LIBRARY_DIR)/Frameworks";
				GCC_PRECOMPILE_PREFIX_HEADER = YES;
				GCC_PREFIX_HEADER = "GitHubMenubarIssues/GitHubMenubarIssues-Prefix.pch";
				INFOPLIST_FILE = "GitHubMenubarIssuesTests/GitHubMenubarIssuesTests-Info.plist";
				PRODUCT_NAME = "$(TARGET_NAME)";
				TEST_HOST = "$(BUNDLE_LOADER)";
				WRAPPER_EXTENSION = octest;
			};
			name = Release;
		};
/* End XCBuildConfiguration section */

/* Begin XCConfigurationList section */
		571F50A314F9E81800230D43 /* Build configuration list for PBXProject "GitHubMenubarIssues" */ = {
			isa = XCConfigurationList;
			buildConfigurations = (
				571F50D914F9E81900230D43 /* Debug */,
				571F50DA14F9E81900230D43 /* Release */,
			);
			defaultConfigurationIsVisible = 0;
			defaultConfigurationName = Release;
		};
		571F50DB14F9E81900230D43 /* Build configuration list for PBXNativeTarget "GitHubMenubarIssues" */ = {
			isa = XCConfigurationList;
			buildConfigurations = (
				571F50DC14F9E81900230D43 /* Debug */,
				571F50DD14F9E81900230D43 /* Release */,
			);
			defaultConfigurationIsVisible = 0;
			defaultConfigurationName = Release;
		};
		571F50DE14F9E81900230D43 /* Build configuration list for PBXNativeTarget "GitHubMenubarIssuesTests" */ = {
			isa = XCConfigurationList;
			buildConfigurations = (
				571F50DF14F9E81900230D43 /* Debug */,
				571F50E014F9E81900230D43 /* Release */,
			);
			defaultConfigurationIsVisible = 0;
			defaultConfigurationName = Release;
		};
/* End XCConfigurationList section */
	};
	rootObject = 571F50A014F9E81800230D43 /* Project object */;
}
